{
  "name": "console-toolkit",
  "version": "1.2.1",
  "lockfileVersion": 3,
  "requires": true,
  "packages": {
    "": {
      "name": "console-toolkit",
      "version": "1.2.1",
      "license": "BSD-3-Clause",
      "devDependencies": {
        "emoji-regex": "^10.3.0",
        "get-east-asian-width": "^1.2.0",
        "tape-six": "^0.9.6"
      },
      "funding": {
        "type": "github",
        "url": "https://github.com/sponsors/uhop"
      }
    },
    "node_modules/emoji-regex": {
      "version": "10.3.0",
      "resolved": "https://registry.npmjs.org/emoji-regex/-/emoji-regex-10.3.0.tgz",
      "integrity": "sha512-QpLs9D9v9kArv4lfDEgg1X/gN5XLnf/A6l9cs8SPZLRZR3ZkY9+kwIQTxm+fsSej5UMYGE8fdoaZVIBlqG0XTw==",
      "dev": true,
      "license": "MIT"
    },
    "node_modules/get-east-asian-width": {
      "version": "1.2.0",
      "resolved": "https://registry.npmjs.org/get-east-asian-width/-/get-east-asian-width-1.2.0.tgz",
      "integrity": "sha512-2nk+7SIVb14QrgXFHcm84tD4bKQz0RxPuMT8Ag5KPOq7J5fEmAg0UbXdTOSHqNuHSU28k55qnceesxXRZGzKWA==",
      "dev": true,
      "license": "MIT",
      "engines": {
        "node": ">=18"
      },
      "funding": {
        "url": "https://github.com/sponsors/sindresorhus"
      }
    },
    "node_modules/tape-six": {
      "version": "0.9.6",
      "resolved": "https://registry.npmjs.org/tape-six/-/tape-six-0.9.6.tgz",
      "integrity": "sha512-mRMOXsnPMWRba7857C46ydq1b2QTPZB8Bgcoc6iqpCe0alqvDXbrYlfvuxS88sgBQjXkF4F0zWeD0lPJiEIk3Q==",
      "dev": true,
      "license": "BSD-3-Clause",
      "bin": {
        "tape6": "bin/tape6.js",
        "tape6-bun": "bin/tape6-bun.js",
        "tape6-deno": "bin/tape6-deno.js",
        "tape6-server": "bin/tape6-server.js"
      }
    }
  }
}
