{
  "name": "console-toolkit",
  "version": "1.2.10",
  "lockfileVersion": 3,
  "requires": true,
  "packages": {
    "": {
      "name": "console-toolkit",
      "version": "1.2.10",
      "license": "BSD-3-Clause",
      "devDependencies": {
        "emoji-regex": "^10.6.0",
        "get-east-asian-width": "^1.5.0",
        "tape-six": "^1.7.2",
        "tape-six-proc": "^1.2.3"
      },
      "funding": {
        "type": "github",
        "url": "https://github.com/sponsors/uhop"
      }
    },
    "node_modules/dollar-shell": {
      "version": "1.1.9",
      "resolved": "https://registry.npmjs.org/dollar-shell/-/dollar-shell-1.1.9.tgz",
      "integrity": "sha512-QYp/3Yu36etZ9uozZ028/V462wrykR9ez3mfcs7FaIWx1Iy36GnzSuUbIcnmI2YFh4IVf/JRgE0jW8dD0H5Bvw==",
      "dev": true,
      "license": "BSD-3-Clause",
      "funding": {
        "type": "github",
        "url": "https://github.com/sponsors/uhop"
      }
    },
    "node_modules/emoji-regex": {
      "version": "10.6.0",
      "resolved": "https://registry.npmjs.org/emoji-regex/-/emoji-regex-10.6.0.tgz",
      "integrity": "sha512-toUI84YS5YmxW219erniWD0CIVOo46xGKColeNQRgOzDorgBi1v4D71/OFzgD9GO2UGKIv1C3Sp8DAn0+j5w7A==",
      "dev": true,
      "license": "MIT"
    },
    "node_modules/get-east-asian-width": {
      "version": "1.5.0",
      "resolved": "https://registry.npmjs.org/get-east-asian-width/-/get-east-asian-width-1.5.0.tgz",
      "integrity": "sha512-CQ+bEO+Tva/qlmw24dCejulK5pMzVnUOFOijVogd3KQs07HnRIgp8TGipvCCRT06xeYEbpbgwaCxglFyiuIcmA==",
      "dev": true,
      "license": "MIT",
      "engines": {
        "node": ">=18"
      },
      "funding": {
        "url": "https://github.com/sponsors/sindresorhus"
      }
    },
    "node_modules/tape-six": {
      "version": "1.7.2",
      "resolved": "https://registry.npmjs.org/tape-six/-/tape-six-1.7.2.tgz",
      "integrity": "sha512-JrVbhMKQazMSEbGvtjWmUaxEFQJWJPjL7iU3NsjuzE43uT9CFIz/KL2q0/VCO23ocg0mwECBVkwi3xU63nGU/g==",
      "dev": true,
      "license": "BSD-3-Clause",
      "bin": {
        "tape6": "bin/tape6.js",
        "tape6-bun": "bin/tape6-bun.js",
        "tape6-deno": "bin/tape6-deno.js",
        "tape6-node": "bin/tape6-node.js",
        "tape6-runner": "bin/tape6-runner.js",
        "tape6-seq": "bin/tape6-seq.js",
        "tape6-server": "bin/tape6-server.js"
      },
      "funding": {
        "url": "https://github.com/sponsors/uhop"
      }
    },
    "node_modules/tape-six-proc": {
      "version": "1.2.3",
      "resolved": "https://registry.npmjs.org/tape-six-proc/-/tape-six-proc-1.2.3.tgz",
      "integrity": "sha512-yG3EnpYJii8UzH0lgGXgT/1wHRNi2q5UvFNXDOFMMPiNb22tiZlxJGzxEzkyzktxe/V3pJvzv2C0o8+vVS24XQ==",
      "dev": true,
      "license": "BSD-3-Clause",
      "dependencies": {
        "dollar-shell": "^1.1.9",
        "tape-six": "^1.7.2"
      },
      "bin": {
        "tape6-proc": "bin/tape6-proc.js"
      },
      "funding": {
        "url": "https://github.com/sponsors/uhop"
      }
    }
  }
}
